# THIS IS AN AUTOGENERATED FILE. DO NOT EDIT THIS FILE DIRECTLY.
# yarn lockfile v1


i18n-node@^2.1.5:
  version "2.1.5"
  resolved "https://registry.yarnpkg.com/i18n-node/-/i18n-node-2.1.5.tgz#6c8069131e973c4152054fa86406fd32fb16a9c1"
  integrity sha1-bIBpEx6XPEFSBU+oZAb9MvsWqcE=
  dependencies:
    mustache "2.2.0"

mustache@2.2.0:
  version "2.2.0"
  resolved "https://registry.yarnpkg.com/mustache/-/mustache-2.2.0.tgz#d29813b499b8067712b503347eac342c616727c7"
  integrity sha1-0pgTtJm4BncStQM0fqw0LGFnJ8c=
